
Microsoft Visual Studio Solution File, Format Version 12.00
# Visual Studio Version 16
VisualStudioVersion = 16.0.29318.209
MinimumVisualStudioVersion = 10.0.40219.1
Project("{FAE04EC0-301F-11D3-BF4B-00C04F79EFBC}") = "ProjectDestiny", "ProjectDestiny\ProjectDestiny.csproj", "{BF8307B1-E6DC-4E32-BCC3-1A8DBD65908B}"
EndProject
Global
	GlobalSection(SolutionConfigurationPlatforms) = preSolution
		Debug|Any CPU = Debug|Any CPU
		Release|Any CPU = Release|Any CPU
	EndGlobalSection
	GlobalSection(ProjectConfigurationPlatforms) = postSolution
		{BF8307B1-E6DC-4E32-BCC3-1A8DBD65908B}.Debug|Any CPU.ActiveCfg = Debug|Any CPU
		{BF8307B1-E6DC-4E32-BCC3-1A8DBD65908B}.Debug|Any CPU.Build.0 = Debug|Any CPU
		{BF8307B1-E6DC-4E32-BCC3-1A8DBD65908B}.Release|Any CPU.ActiveCfg = Release|Any CPU
		{BF8307B1-E6DC-4E32-BCC3-1A8DBD65908B}.Release|Any CPU.Build.0 = Release|Any CPU
	EndGlobalSection
	GlobalSection(SolutionProperties) = preSolution
		HideSolutionNode = FALSE
	EndGlobalSection
	GlobalSection(ExtensibilityGlobals) = postSolution
		SolutionGuid = {DF4E5BD2-E672-4F75-96B0-F17E27BAADBC}
	EndGlobalSection
EndGlobal
